PODS:
  - CCLib (0.1.7):
    - CCLib/CCBase (= 0.1.7)
    - CCLib/CCCollection (= 0.1.7)
    - CCLib/CCDatePicker (= 0.1.7)
    - CCLib/CCExts (= 0.1.7)
    - CCLib/CCJson (= 0.1.7)
  - CCLib/CCBase (0.1.7):
    - CCLib/CCCollection
    - CCLib/CCExts
    - JSONModel
    - Masonry
  - CCLib/CCCollection (0.1.7)
  - CCLib/CCDatePicker (0.1.7):
    - CCLib/CCExts
    - Masonry
  - CCLib/CCExts (0.1.7)
  - CCLib/CCJson (0.1.7)
  - JSONModel (1.8.0)
  - Masonry (1.1.0)

DEPENDENCIES:
  - CCLib (from `../`)

SPEC REPOS:
  https://github.com/cocoapods/specs.git:
    - JSONModel
    - Masonry

EXTERNAL SOURCES:
  CCLib:
    :path: "../"

SPEC CHECKSUMS:
  CCLib: 1f3d3e2d7ab00d0c19d50c7e5594366efdf52c4c
  JSONModel: 02ab723958366a3fd27da57ea2af2113658762e9
  Masonry: 678fab65091a9290e40e2832a55e7ab731aad201

PODFILE CHECKSUM: 00f0ba56194b33e7db95461f3871e7cb15e2944f

COCOAPODS: 1.6.1
